TerrificCoreBundle 4ef76fe3805b0744e65c546a698f22b3d80d4089
TerrificComposerBundle b9bcff9a46c08ab3911fdb77a8204e8b3899197c
cssmin 189cf2a846885d934396c6ccf79d127730841076
jsmin 6bdb991a6e0fceb24880846c84fcfa9311021eb7
lessphp c89a43af3e2607a08e3630f6b0f43a76e10767d9
symfony v2.0.13
twig v1.7.0
monolog 1.0.2
doctrine-common 2.1.4
assetic v1.0.3
SensioFrameworkExtraBundle 3dcf2d31ad898db2a5ab418cb03b9f701ba2350f
SensioDistributionBundle 41a6c5caed65f02bb09c95a90579f047616471fd
AsseticBundle v1.0.1
doctrine-dbal 2.1.6
doctrine 2.1.6
twig-extensions feb6d3f10c411e2631997c0a905aa581c80305c1
SensioGeneratorBundle c0118ce370f8da20e43051f2dd1ae331a202ab9c
metadata 1.0.0
swiftmailer v4.1.5
JMSSecurityExtraBundle e752f888c51425f71382c056961f10f2be642102
